// !$*UTF8*$!
{
	archiveVersion = 1;
	classes = {
	};
	objectVersion = 56;
	objects = {

/* Begin PBXBuildFile section */
		0493E6D62C72981800BA9F56 /* ShadeApp.swift in Sources */ = {isa = PBXBuildFile; fileRef = 0493E6D52C72981800BA9F56 /* ShadeApp.swift */; };
		0493E6D82C72981800BA9F56 /* ContentView.swift in Sources */ = {isa = PBXBuildFile; fileRef = 0493E6D72C72981800BA9F56 /* ContentView.swift */; };
		0493E6DA2C72981900BA9F56 /* Assets.xcassets in Resources */ = {isa = PBXBuildFile; fileRef = 0493E6D92C72981900BA9F56 /* Assets.xcassets */; };
		0493E6DD2C72981900BA9F56 /* Preview Assets.xcassets in Resources */ = {isa = PBXBuildFile; fileRef = 0493E6DC2C72981900BA9F56 /* Preview Assets.xcassets */; };
		0493E6E82C72981900BA9F56 /* ShadeTests.swift in Sources */ = {isa = PBXBuildFile; fileRef = 0493E6E72C72981900BA9F56 /* ShadeTests.swift */; };
		0493E6F22C72981900BA9F56 /* ShadeUITests.swift in Sources */ = {isa = PBXBuildFile; fileRef = 0493E6F12C72981900BA9F56 /* ShadeUITests.swift */; };
		0493E6F42C72981900BA9F56 /* ShadeUITestsLaunchTests.swift in Sources */ = {isa = PBXBuildFile; fileRef = 0493E6F32C72981900BA9F56 /* ShadeUITestsLaunchTests.swift */; };
		D09699352CB2917C0035BEDD /* ChannelMixer.metal in Sources */ = {isa = PBXBuildFile; fileRef = D09699342CB2917C0035BEDD /* ChannelMixer.metal */; };
		D09699382CB293260035BEDD /* ChannelMixerMetalRenderer.swift in Sources */ = {isa = PBXBuildFile; fileRef = D09699372CB293260035BEDD /* ChannelMixerMetalRenderer.swift */; };
		D096993B2CB295D40035BEDD /* ChannelMixerView.swift in Sources */ = {isa = PBXBuildFile; fileRef = D096993A2CB295D40035BEDD /* ChannelMixerView.swift */; };
		D09699472CB2AB1C0035BEDD /* VignetteShader.metal in Sources */ = {isa = PBXBuildFile; fileRef = D09699462CB2AB1C0035BEDD /* VignetteShader.metal */; };
		D09699492CB2AB430035BEDD /* VignetteMetalRenderer.swift in Sources */ = {isa = PBXBuildFile; fileRef = D09699482CB2AB430035BEDD /* VignetteMetalRenderer.swift */; };
		D096994C2CB2AE8B0035BEDD /* VignetteView.swift in Sources */ = {isa = PBXBuildFile; fileRef = D096994B2CB2AE8B0035BEDD /* VignetteView.swift */; };
		D096994E2CB2B6490035BEDD /* ReplaceColor.metal in Sources */ = {isa = PBXBuildFile; fileRef = D096994D2CB2B6490035BEDD /* ReplaceColor.metal */; };
		D09699512CB2B8580035BEDD /* ReplaceColortMetalRenderer.swift in Sources */ = {isa = PBXBuildFile; fileRef = D09699502CB2B8580035BEDD /* ReplaceColortMetalRenderer.swift */; };
		D09699532CB2BF3A0035BEDD /* ReplaceColorView.swift in Sources */ = {isa = PBXBuildFile; fileRef = D09699522CB2BF3A0035BEDD /* ReplaceColorView.swift */; };
		D096995C2CB2DDA40035BEDD /* Grain.metal in Sources */ = {isa = PBXBuildFile; fileRef = D096995B2CB2DDA40035BEDD /* Grain.metal */; };
		D096995F2CB2DE950035BEDD /* GrainMetalRenderer.swift in Sources */ = {isa = PBXBuildFile; fileRef = D096995E2CB2DE950035BEDD /* GrainMetalRenderer.swift */; };
		D09699612CB2DF180035BEDD /* GrainView.swift in Sources */ = {isa = PBXBuildFile; fileRef = D09699602CB2DF180035BEDD /* GrainView.swift */; };
		D09699632CB2E24D0035BEDD /* ColorMonochrome.metal in Sources */ = {isa = PBXBuildFile; fileRef = D09699622CB2E24D0035BEDD /* ColorMonochrome.metal */; };
		D09699662CB2E4960035BEDD /* ColorMonochromeMetalRenderer.swift in Sources */ = {isa = PBXBuildFile; fileRef = D09699652CB2E4960035BEDD /* ColorMonochromeMetalRenderer.swift */; };
		D09699682CB2E5260035BEDD /* ColorMonochromeView.swift in Sources */ = {isa = PBXBuildFile; fileRef = D09699672CB2E5260035BEDD /* ColorMonochromeView.swift */; };
/* End PBXBuildFile section */

/* Begin PBXContainerItemProxy section */
		0493E6E42C72981900BA9F56 /* PBXContainerItemProxy */ = {
			isa = PBXContainerItemProxy;
			containerPortal = 0493E6CA2C72981800BA9F56 /* Project object */;
			proxyType = 1;
			remoteGlobalIDString = 0493E6D12C72981800BA9F56;
			remoteInfo = Shade;
		};
		0493E6EE2C72981900BA9F56 /* PBXContainerItemProxy */ = {
			isa = PBXContainerItemProxy;
			containerPortal = 0493E6CA2C72981800BA9F56 /* Project object */;
			proxyType = 1;
			remoteGlobalIDString = 0493E6D12C72981800BA9F56;
			remoteInfo = Shade;
		};
/* End PBXContainerItemProxy section */

/* Begin PBXFileReference section */
		0493E6D22C72981800BA9F56 /* Shade.app */ = {isa = PBXFileReference; explicitFileType = wrapper.application; includeInIndex = 0; path = Shade.app; sourceTree = BUILT_PRODUCTS_DIR; };
		0493E6D52C72981800BA9F56 /* ShadeApp.swift */ = {isa = PBXFileReference; lastKnownFileType = sourcecode.swift; path = ShadeApp.swift; sourceTree = "<group>"; };
		0493E6D72C72981800BA9F56 /* ContentView.swift */ = {isa = PBXFileReference; lastKnownFileType = sourcecode.swift; path = ContentView.swift; sourceTree = "<group>"; };
		0493E6D92C72981900BA9F56 /* Assets.xcassets */ = {isa = PBXFileReference; lastKnownFileType = folder.assetcatalog; path = Assets.xcassets; sourceTree = "<group>"; };
		0493E6DC2C72981900BA9F56 /* Preview Assets.xcassets */ = {isa = PBXFileReference; lastKnownFileType = folder.assetcatalog; path = "Preview Assets.xcassets"; sourceTree = "<group>"; };
		0493E6DE2C72981900BA9F56 /* Shade.entitlements */ = {isa = PBXFileReference; lastKnownFileType = text.plist.entitlements; path = Shade.entitlements; sourceTree = "<group>"; };
		0493E6E32C72981900BA9F56 /* ShadeTests.xctest */ = {isa = PBXFileReference; explicitFileType = wrapper.cfbundle; includeInIndex = 0; path = ShadeTests.xctest; sourceTree = BUILT_PRODUCTS_DIR; };
		0493E6E72C72981900BA9F56 /* ShadeTests.swift */ = {isa = PBXFileReference; lastKnownFileType = sourcecode.swift; path = ShadeTests.swift; sourceTree = "<group>"; };
		0493E6ED2C72981900BA9F56 /* ShadeUITests.xctest */ = {isa = PBXFileReference; explicitFileType = wrapper.cfbundle; includeInIndex = 0; path = ShadeUITests.xctest; sourceTree = BUILT_PRODUCTS_DIR; };
		0493E6F12C72981900BA9F56 /* ShadeUITests.swift */ = {isa = PBXFileReference; lastKnownFileType = sourcecode.swift; path = ShadeUITests.swift; sourceTree = "<group>"; };
		0493E6F32C72981900BA9F56 /* ShadeUITestsLaunchTests.swift */ = {isa = PBXFileReference; lastKnownFileType = sourcecode.swift; path = ShadeUITestsLaunchTests.swift; sourceTree = "<group>"; };
		D09699342CB2917C0035BEDD /* ChannelMixer.metal */ = {isa = PBXFileReference; lastKnownFileType = sourcecode.metal; path = ChannelMixer.metal; sourceTree = "<group>"; };
		D09699372CB293260035BEDD /* ChannelMixerMetalRenderer.swift */ = {isa = PBXFileReference; lastKnownFileType = sourcecode.swift; path = ChannelMixerMetalRenderer.swift; sourceTree = "<group>"; };
		D096993A2CB295D40035BEDD /* ChannelMixerView.swift */ = {isa = PBXFileReference; lastKnownFileType = sourcecode.swift; path = ChannelMixerView.swift; sourceTree = "<group>"; };
		D09699462CB2AB1C0035BEDD /* VignetteShader.metal */ = {isa = PBXFileReference; lastKnownFileType = sourcecode.metal; path = VignetteShader.metal; sourceTree = "<group>"; };
		D09699482CB2AB430035BEDD /* VignetteMetalRenderer.swift */ = {isa = PBXFileReference; lastKnownFileType = sourcecode.swift; path = VignetteMetalRenderer.swift; sourceTree = "<group>"; };
		D096994B2CB2AE8B0035BEDD /* VignetteView.swift */ = {isa = PBXFileReference; lastKnownFileType = sourcecode.swift; path = VignetteView.swift; sourceTree = "<group>"; };
		D096994D2CB2B6490035BEDD /* ReplaceColor.metal */ = {isa = PBXFileReference; lastKnownFileType = sourcecode.metal; path = ReplaceColor.metal; sourceTree = "<group>"; };
		D09699502CB2B8580035BEDD /* ReplaceColortMetalRenderer.swift */ = {isa = PBXFileReference; lastKnownFileType = sourcecode.swift; path = ReplaceColortMetalRenderer.swift; sourceTree = "<group>"; };
		D09699522CB2BF3A0035BEDD /* ReplaceColorView.swift */ = {isa = PBXFileReference; lastKnownFileType = sourcecode.swift; path = ReplaceColorView.swift; sourceTree = "<group>"; };
		D096995B2CB2DDA40035BEDD /* Grain.metal */ = {isa = PBXFileReference; lastKnownFileType = sourcecode.metal; path = Grain.metal; sourceTree = "<group>"; };
		D096995E2CB2DE950035BEDD /* GrainMetalRenderer.swift */ = {isa = PBXFileReference; lastKnownFileType = sourcecode.swift; path = GrainMetalRenderer.swift; sourceTree = "<group>"; };
		D09699602CB2DF180035BEDD /* GrainView.swift */ = {isa = PBXFileReference; lastKnownFileType = sourcecode.swift; path = GrainView.swift; sourceTree = "<group>"; };
		D09699622CB2E24D0035BEDD /* ColorMonochrome.metal */ = {isa = PBXFileReference; lastKnownFileType = sourcecode.metal; path = ColorMonochrome.metal; sourceTree = "<group>"; };
		D09699652CB2E4960035BEDD /* ColorMonochromeMetalRenderer.swift */ = {isa = PBXFileReference; lastKnownFileType = sourcecode.swift; path = ColorMonochromeMetalRenderer.swift; sourceTree = "<group>"; };
		D09699672CB2E5260035BEDD /* ColorMonochromeView.swift */ = {isa = PBXFileReference; lastKnownFileType = sourcecode.swift; path = ColorMonochromeView.swift; sourceTree = "<group>"; };
/* End PBXFileReference section */

/* Begin PBXFrameworksBuildPhase section */
		0493E6CF2C72981800BA9F56 /* Frameworks */ = {
			isa = PBXFrameworksBuildPhase;
			buildActionMask = 2147483647;
			files = (
			);
			runOnlyForDeploymentPostprocessing = 0;
		};
		0493E6E02C72981900BA9F56 /* Frameworks */ = {
			isa = PBXFrameworksBuildPhase;
			buildActionMask = 2147483647;
			files = (
			);
			runOnlyForDeploymentPostprocessing = 0;
		};
		0493E6EA2C72981900BA9F56 /* Frameworks */ = {
			isa = PBXFrameworksBuildPhase;
			buildActionMask = 2147483647;
			files = (
			);
			runOnlyForDeploymentPostprocessing = 0;
		};
/* End PBXFrameworksBuildPhase section */

/* Begin PBXGroup section */
		0493E6C92C72981800BA9F56 = {
			isa = PBXGroup;
			children = (
				0493E6D42C72981800BA9F56 /* Shade */,
				0493E6E62C72981900BA9F56 /* ShadeTests */,
				0493E6F02C72981900BA9F56 /* ShadeUITests */,
				0493E6D32C72981800BA9F56 /* Products */,
			);
			sourceTree = "<group>";
		};
		0493E6D32C72981800BA9F56 /* Products */ = {
			isa = PBXGroup;
			children = (
				0493E6D22C72981800BA9F56 /* Shade.app */,
				0493E6E32C72981900BA9F56 /* ShadeTests.xctest */,
				0493E6ED2C72981900BA9F56 /* ShadeUITests.xctest */,
			);
			name = Products;
			sourceTree = "<group>";
		};
		0493E6D42C72981800BA9F56 /* Shade */ = {
			isa = PBXGroup;
			children = (
				D09699392CB295C00035BEDD /* MetalViews */,
				D09699332CB2916A0035BEDD /* MetalFiles */,
				0493E6D52C72981800BA9F56 /* ShadeApp.swift */,
				0493E6D72C72981800BA9F56 /* ContentView.swift */,
				0493E6D92C72981900BA9F56 /* Assets.xcassets */,
				0493E6DE2C72981900BA9F56 /* Shade.entitlements */,
				0493E6DB2C72981900BA9F56 /* Preview Content */,
			);
			path = Shade;
			sourceTree = "<group>";
		};
		0493E6DB2C72981900BA9F56 /* Preview Content */ = {
			isa = PBXGroup;
			children = (
				0493E6DC2C72981900BA9F56 /* Preview Assets.xcassets */,
			);
			path = "Preview Content";
			sourceTree = "<group>";
		};
		0493E6E62C72981900BA9F56 /* ShadeTests */ = {
			isa = PBXGroup;
			children = (
				0493E6E72C72981900BA9F56 /* ShadeTests.swift */,
			);
			path = ShadeTests;
			sourceTree = "<group>";
		};
		0493E6F02C72981900BA9F56 /* ShadeUITests */ = {
			isa = PBXGroup;
			children = (
				0493E6F12C72981900BA9F56 /* ShadeUITests.swift */,
				0493E6F32C72981900BA9F56 /* ShadeUITestsLaunchTests.swift */,
			);
			path = ShadeUITests;
			sourceTree = "<group>";
		};
		D09699332CB2916A0035BEDD /* MetalFiles */ = {
			isa = PBXGroup;
			children = (
				D09699342CB2917C0035BEDD /* ChannelMixer.metal */,
				D09699462CB2AB1C0035BEDD /* VignetteShader.metal */,
				D096994D2CB2B6490035BEDD /* ReplaceColor.metal */,
				D096995B2CB2DDA40035BEDD /* Grain.metal */,
				D09699622CB2E24D0035BEDD /* ColorMonochrome.metal */,
			);
			path = MetalFiles;
			sourceTree = "<group>";
		};
		D09699392CB295C00035BEDD /* MetalViews */ = {
			isa = PBXGroup;
			children = (
				D09699642CB2E48C0035BEDD /* ColorMonochrome */,
				D096995D2CB2DE880035BEDD /* Grain */,
				D096994F2CB2B8410035BEDD /* ReplaceColor */,
				D096994A2CB2AB990035BEDD /* Vignette */,
				D096993C2CB29BBC0035BEDD /* ChannelMixer */,
			);
			path = MetalViews;
			sourceTree = "<group>";
		};
		D096993C2CB29BBC0035BEDD /* ChannelMixer */ = {
			isa = PBXGroup;
			children = (
				D09699372CB293260035BEDD /* ChannelMixerMetalRenderer.swift */,
				D096993A2CB295D40035BEDD /* ChannelMixerView.swift */,
			);
			path = ChannelMixer;
			sourceTree = "<group>";
		};
		D096994A2CB2AB990035BEDD /* Vignette */ = {
			isa = PBXGroup;
			children = (
				D09699482CB2AB430035BEDD /* VignetteMetalRenderer.swift */,
				D096994B2CB2AE8B0035BEDD /* VignetteView.swift */,
			);
			path = Vignette;
			sourceTree = "<group>";
		};
		D096994F2CB2B8410035BEDD /* ReplaceColor */ = {
			isa = PBXGroup;
			children = (
				D09699502CB2B8580035BEDD /* ReplaceColortMetalRenderer.swift */,
				D09699522CB2BF3A0035BEDD /* ReplaceColorView.swift */,
			);
			path = ReplaceColor;
			sourceTree = "<group>";
		};
		D096995D2CB2DE880035BEDD /* Grain */ = {
			isa = PBXGroup;
			children = (
				D096995E2CB2DE950035BEDD /* GrainMetalRenderer.swift */,
				D09699602CB2DF180035BEDD /* GrainView.swift */,
			);
			path = Grain;
			sourceTree = "<group>";
		};
		D09699642CB2E48C0035BEDD /* ColorMonochrome */ = {
			isa = PBXGroup;
			children = (
				D09699652CB2E4960035BEDD /* ColorMonochromeMetalRenderer.swift */,
				D09699672CB2E5260035BEDD /* ColorMonochromeView.swift */,
			);
			path = ColorMonochrome;
			sourceTree = "<group>";
		};
/* End PBXGroup section */

/* Begin PBXNativeTarget section */
		0493E6D12C72981800BA9F56 /* Shade */ = {
			isa = PBXNativeTarget;
			buildConfigurationList = 0493E6F72C72981900BA9F56 /* Build configuration list for PBXNativeTarget "Shade" */;
			buildPhases = (
				0493E6CE2C72981800BA9F56 /* Sources */,
				0493E6CF2C72981800BA9F56 /* Frameworks */,
				0493E6D02C72981800BA9F56 /* Resources */,
			);
			buildRules = (
			);
			dependencies = (
			);
			name = Shade;
			productName = Shade;
			productReference = 0493E6D22C72981800BA9F56 /* Shade.app */;
			productType = "com.apple.product-type.application";
		};
		0493E6E22C72981900BA9F56 /* ShadeTests */ = {
			isa = PBXNativeTarget;
			buildConfigurationList = 0493E6FA2C72981900BA9F56 /* Build configuration list for PBXNativeTarget "ShadeTests" */;
			buildPhases = (
				0493E6DF2C72981900BA9F56 /* Sources */,
				0493E6E02C72981900BA9F56 /* Frameworks */,
				0493E6E12C72981900BA9F56 /* Resources */,
			);
			buildRules = (
			);
			dependencies = (
				0493E6E52C72981900BA9F56 /* PBXTargetDependency */,
			);
			name = ShadeTests;
			productName = ShadeTests;
			productReference = 0493E6E32C72981900BA9F56 /* ShadeTests.xctest */;
			productType = "com.apple.product-type.bundle.unit-test";
		};
		0493E6EC2C72981900BA9F56 /* ShadeUITests */ = {
			isa = PBXNativeTarget;
			buildConfigurationList = 0493E6FD2C72981900BA9F56 /* Build configuration list for PBXNativeTarget "ShadeUITests" */;
			buildPhases = (
				0493E6E92C72981900BA9F56 /* Sources */,
				0493E6EA2C72981900BA9F56 /* Frameworks */,
				0493E6EB2C72981900BA9F56 /* Resources */,
			);
			buildRules = (
			);
			dependencies = (
				0493E6EF2C72981900BA9F56 /* PBXTargetDependency */,
			);
			name = ShadeUITests;
			productName = ShadeUITests;
			productReference = 0493E6ED2C72981900BA9F56 /* ShadeUITests.xctest */;
			productType = "com.apple.product-type.bundle.ui-testing";
		};
/* End PBXNativeTarget section */

/* Begin PBXProject section */
		0493E6CA2C72981800BA9F56 /* Project object */ = {
			isa = PBXProject;
			attributes = {
				BuildIndependentTargetsInParallel = 1;
				LastSwiftUpdateCheck = 1540;
				LastUpgradeCheck = 1540;
				TargetAttributes = {
					0493E6D12C72981800BA9F56 = {
						CreatedOnToolsVersion = 15.4;
					};
					0493E6E22C72981900BA9F56 = {
						CreatedOnToolsVersion = 15.4;
						TestTargetID = 0493E6D12C72981800BA9F56;
					};
					0493E6EC2C72981900BA9F56 = {
						CreatedOnToolsVersion = 15.4;
						TestTargetID = 0493E6D12C72981800BA9F56;
					};
				};
			};
			buildConfigurationList = 0493E6CD2C72981800BA9F56 /* Build configuration list for PBXProject "Shade" */;
			compatibilityVersion = "Xcode 14.0";
			developmentRegion = en;
			hasScannedForEncodings = 0;
			knownRegions = (
				en,
				Base,
			);
			mainGroup = 0493E6C92C72981800BA9F56;
			productRefGroup = 0493E6D32C72981800BA9F56 /* Products */;
			projectDirPath = "";
			projectRoot = "";
			targets = (
				0493E6D12C72981800BA9F56 /* Shade */,
				0493E6E22C72981900BA9F56 /* ShadeTests */,
				0493E6EC2C72981900BA9F56 /* ShadeUITests */,
			);
		};
/* End PBXProject section */

/* Begin PBXResourcesBuildPhase section */
		0493E6D02C72981800BA9F56 /* Resources */ = {
			isa = PBXResourcesBuildPhase;
			buildActionMask = 2147483647;
			files = (
				0493E6DD2C72981900BA9F56 /* Preview Assets.xcassets in Resources */,
				0493E6DA2C72981900BA9F56 /* Assets.xcassets in Resources */,
			);
			runOnlyForDeploymentPostprocessing = 0;
		};
		0493E6E12C72981900BA9F56 /* Resources */ = {
			isa = PBXResourcesBuildPhase;
			buildActionMask = 2147483647;
			files = (
			);
			runOnlyForDeploymentPostprocessing = 0;
		};
		0493E6EB2C72981900BA9F56 /* Resources */ = {
			isa = PBXResourcesBuildPhase;
			buildActionMask = 2147483647;
			files = (
			);
			runOnlyForDeploymentPostprocessing = 0;
		};
/* End PBXResourcesBuildPhase section */

/* Begin PBXSourcesBuildPhase section */
		0493E6CE2C72981800BA9F56 /* Sources */ = {
			isa = PBXSourcesBuildPhase;
			buildActionMask = 2147483647;
			files = (
				D096994E2CB2B6490035BEDD /* ReplaceColor.metal in Sources */,
				D096995C2CB2DDA40035BEDD /* Grain.metal in Sources */,
				D09699382CB293260035BEDD /* ChannelMixerMetalRenderer.swift in Sources */,
				D09699512CB2B8580035BEDD /* ReplaceColortMetalRenderer.swift in Sources */,
				D096995F2CB2DE950035BEDD /* GrainMetalRenderer.swift in Sources */,
				D09699662CB2E4960035BEDD /* ColorMonochromeMetalRenderer.swift in Sources */,
				D09699682CB2E5260035BEDD /* ColorMonochromeView.swift in Sources */,
				D09699532CB2BF3A0035BEDD /* ReplaceColorView.swift in Sources */,
				0493E6D82C72981800BA9F56 /* ContentView.swift in Sources */,
				D09699492CB2AB430035BEDD /* VignetteMetalRenderer.swift in Sources */,
				D09699352CB2917C0035BEDD /* ChannelMixer.metal in Sources */,
				D09699632CB2E24D0035BEDD /* ColorMonochrome.metal in Sources */,
				D096993B2CB295D40035BEDD /* ChannelMixerView.swift in Sources */,
				D09699612CB2DF180035BEDD /* GrainView.swift in Sources */,
				D096994C2CB2AE8B0035BEDD /* VignetteView.swift in Sources */,
				D09699472CB2AB1C0035BEDD /* VignetteShader.metal in Sources */,
				0493E6D62C72981800BA9F56 /* ShadeApp.swift in Sources */,
			);
			runOnlyForDeploymentPostprocessing = 0;
		};
		0493E6DF2C72981900BA9F56 /* Sources */ = {
			isa = PBXSourcesBuildPhase;
			buildActionMask = 2147483647;
			files = (
				0493E6E82C72981900BA9F56 /* ShadeTests.swift in Sources */,
			);
			runOnlyForDeploymentPostprocessing = 0;
		};
		0493E6E92C72981900BA9F56 /* Sources */ = {
			isa = PBXSourcesBuildPhase;
			buildActionMask = 2147483647;
			files = (
				0493E6F42C72981900BA9F56 /* ShadeUITestsLaunchTests.swift in Sources */,
				0493E6F22C72981900BA9F56 /* ShadeUITests.swift in Sources */,
			);
			runOnlyForDeploymentPostprocessing = 0;
		};
/* End PBXSourcesBuildPhase section */

/* Begin PBXTargetDependency section */
		0493E6E52C72981900BA9F56 /* PBXTargetDependency */ = {
			isa = PBXTargetDependency;
			target = 0493E6D12C72981800BA9F56 /* Shade */;
			targetProxy = 0493E6E42C72981900BA9F56 /* PBXContainerItemProxy */;
		};
		0493E6EF2C72981900BA9F56 /* PBXTargetDependency */ = {
			isa = PBXTargetDependency;
			target = 0493E6D12C72981800BA9F56 /* Shade */;
			targetProxy = 0493E6EE2C72981900BA9F56 /* PBXContainerItemProxy */;
		};
/* End PBXTargetDependency section */

/* Begin XCBuildConfiguration section */
		0493E6F52C72981900BA9F56 /* Debug */ = {
			isa = XCBuildConfiguration;
			buildSettings = {
				ALWAYS_SEARCH_USER_PATHS = NO;
				ASSETCATALOG_COMPILER_GENERATE_SWIFT_ASSET_SYMBOL_EXTENSIONS = YES;
				CLANG_ANALYZER_NONNULL = YES;
				CLANG_ANALYZER_NUMBER_OBJECT_CONVERSION = YES_AGGRESSIVE;
				CLANG_CXX_LANGUAGE_STANDARD = "gnu++20";
				CLANG_ENABLE_MODULES = YES;
				CLANG_ENABLE_OBJC_ARC = YES;
				CLANG_ENABLE_OBJC_WEAK = YES;
				CLANG_WARN_BLOCK_CAPTURE_AUTORELEASING = YES;
				CLANG_WARN_BOOL_CONVERSION = YES;
				CLANG_WARN_COMMA = YES;
				CLANG_WARN_CONSTANT_CONVERSION = YES;
				CLANG_WARN_DEPRECATED_OBJC_IMPLEMENTATIONS = YES;
				CLANG_WARN_DIRECT_OBJC_ISA_USAGE = YES_ERROR;
				CLANG_WARN_DOCUMENTATION_COMMENTS = YES;
				CLANG_WARN_EMPTY_BODY = YES;
				CLANG_WARN_ENUM_CONVERSION = YES;
				CLANG_WARN_INFINITE_RECURSION = YES;
				CLANG_WARN_INT_CONVERSION = YES;
				CLANG_WARN_NON_LITERAL_NULL_CONVERSION = YES;
				CLANG_WARN_OBJC_IMPLICIT_RETAIN_SELF = YES;
				CLANG_WARN_OBJC_LITERAL_CONVERSION = YES;
				CLANG_WARN_OBJC_ROOT_CLASS = YES_ERROR;
				CLANG_WARN_QUOTED_INCLUDE_IN_FRAMEWORK_HEADER = YES;
				CLANG_WARN_RANGE_LOOP_ANALYSIS = YES;
				CLANG_WARN_STRICT_PROTOTYPES = YES;
				CLANG_WARN_SUSPICIOUS_MOVE = YES;
				CLANG_WARN_UNGUARDED_AVAILABILITY = YES_AGGRESSIVE;
				CLANG_WARN_UNREACHABLE_CODE = YES;
				CLANG_WARN__DUPLICATE_METHOD_MATCH = YES;
				COPY_PHASE_STRIP = NO;
				DEBUG_INFORMATION_FORMAT = dwarf;
				ENABLE_STRICT_OBJC_MSGSEND = YES;
				ENABLE_TESTABILITY = YES;
				ENABLE_USER_SCRIPT_SANDBOXING = YES;
				GCC_C_LANGUAGE_STANDARD = gnu17;
				GCC_DYNAMIC_NO_PIC = NO;
				GCC_NO_COMMON_BLOCKS = YES;
				GCC_OPTIMIZATION_LEVEL = 0;
				GCC_PREPROCESSOR_DEFINITIONS = (
					"DEBUG=1",
					"$(inherited)",
				);
				GCC_WARN_64_TO_32_BIT_CONVERSION = YES;
				GCC_WARN_ABOUT_RETURN_TYPE = YES_ERROR;
				GCC_WARN_UNDECLARED_SELECTOR = YES;
				GCC_WARN_UNINITIALIZED_AUTOS = YES_AGGRESSIVE;
				GCC_WARN_UNUSED_FUNCTION = YES;
				GCC_WARN_UNUSED_VARIABLE = YES;
				LOCALIZATION_PREFERS_STRING_CATALOGS = YES;
				MACOSX_DEPLOYMENT_TARGET = 14.5;
				MTL_ENABLE_DEBUG_INFO = INCLUDE_SOURCE;
				MTL_FAST_MATH = YES;
				ONLY_ACTIVE_ARCH = YES;
				SDKROOT = macosx;
				SWIFT_ACTIVE_COMPILATION_CONDITIONS = "DEBUG $(inherited)";
				SWIFT_OPTIMIZATION_LEVEL = "-Onone";
			};
			name = Debug;
		};
		0493E6F62C72981900BA9F56 /* Release */ = {
			isa = XCBuildConfiguration;
			buildSettings = {
				ALWAYS_SEARCH_USER_PATHS = NO;
				ASSETCATALOG_COMPILER_GENERATE_SWIFT_ASSET_SYMBOL_EXTENSIONS = YES;
				CLANG_ANALYZER_NONNULL = YES;
				CLANG_ANALYZER_NUMBER_OBJECT_CONVERSION = YES_AGGRESSIVE;
				CLANG_CXX_LANGUAGE_STANDARD = "gnu++20";
				CLANG_ENABLE_MODULES = YES;
				CLANG_ENABLE_OBJC_ARC = YES;
				CLANG_ENABLE_OBJC_WEAK = YES;
				CLANG_WARN_BLOCK_CAPTURE_AUTORELEASING = YES;
				CLANG_WARN_BOOL_CONVERSION = YES;
				CLANG_WARN_COMMA = YES;
				CLANG_WARN_CONSTANT_CONVERSION = YES;
				CLANG_WARN_DEPRECATED_OBJC_IMPLEMENTATIONS = YES;
				CLANG_WARN_DIRECT_OBJC_ISA_USAGE = YES_ERROR;
				CLANG_WARN_DOCUMENTATION_COMMENTS = YES;
				CLANG_WARN_EMPTY_BODY = YES;
				CLANG_WARN_ENUM_CONVERSION = YES;
				CLANG_WARN_INFINITE_RECURSION = YES;
				CLANG_WARN_INT_CONVERSION = YES;
				CLANG_WARN_NON_LITERAL_NULL_CONVERSION = YES;
				CLANG_WARN_OBJC_IMPLICIT_RETAIN_SELF = YES;
				CLANG_WARN_OBJC_LITERAL_CONVERSION = YES;
				CLANG_WARN_OBJC_ROOT_CLASS = YES_ERROR;
				CLANG_WARN_QUOTED_INCLUDE_IN_FRAMEWORK_HEADER = YES;
				CLANG_WARN_RANGE_LOOP_ANALYSIS = YES;
				CLANG_WARN_STRICT_PROTOTYPES = YES;
				CLANG_WARN_SUSPICIOUS_MOVE = YES;
				CLANG_WARN_UNGUARDED_AVAILABILITY = YES_AGGRESSIVE;
				CLANG_WARN_UNREACHABLE_CODE = YES;
				CLANG_WARN__DUPLICATE_METHOD_MATCH = YES;
				COPY_PHASE_STRIP = NO;
				DEBUG_INFORMATION_FORMAT = "dwarf-with-dsym";
				ENABLE_NS_ASSERTIONS = NO;
				ENABLE_STRICT_OBJC_MSGSEND = YES;
				ENABLE_USER_SCRIPT_SANDBOXING = YES;
				GCC_C_LANGUAGE_STANDARD = gnu17;
				GCC_NO_COMMON_BLOCKS = YES;
				GCC_WARN_64_TO_32_BIT_CONVERSION = YES;
				GCC_WARN_ABOUT_RETURN_TYPE = YES_ERROR;
				GCC_WARN_UNDECLARED_SELECTOR = YES;
				GCC_WARN_UNINITIALIZED_AUTOS = YES_AGGRESSIVE;
				GCC_WARN_UNUSED_FUNCTION = YES;
				GCC_WARN_UNUSED_VARIABLE = YES;
				LOCALIZATION_PREFERS_STRING_CATALOGS = YES;
				MACOSX_DEPLOYMENT_TARGET = 14.5;
				MTL_ENABLE_DEBUG_INFO = NO;
				MTL_FAST_MATH = YES;
				SDKROOT = macosx;
				SWIFT_COMPILATION_MODE = wholemodule;
			};
			name = Release;
		};
		0493E6F82C72981900BA9F56 /* Debug */ = {
			isa = XCBuildConfiguration;
			buildSettings = {
				ASSETCATALOG_COMPILER_APPICON_NAME = AppIcon;
				ASSETCATALOG_COMPILER_GLOBAL_ACCENT_COLOR_NAME = AccentColor;
				CODE_SIGN_ENTITLEMENTS = Shade/Shade.entitlements;
				CODE_SIGN_STYLE = Automatic;
				COMBINE_HIDPI_IMAGES = YES;
				CURRENT_PROJECT_VERSION = 1;
				DEVELOPMENT_ASSET_PATHS = "\"Shade/Preview Content\"";
				ENABLE_PREVIEWS = YES;
				GENERATE_INFOPLIST_FILE = YES;
				INFOPLIST_KEY_NSHumanReadableCopyright = "";
				LD_RUNPATH_SEARCH_PATHS = (
					"$(inherited)",
					"@executable_path/../Frameworks",
				);
				MARKETING_VERSION = 1.0;
				PRODUCT_BUNDLE_IDENTIFIER = shadeApp.Shade;
				PRODUCT_NAME = "$(TARGET_NAME)";
				SWIFT_EMIT_LOC_STRINGS = YES;
				SWIFT_VERSION = 5.0;
			};
			name = Debug;
		};
		0493E6F92C72981900BA9F56 /* Release */ = {
			isa = XCBuildConfiguration;
			buildSettings = {
				ASSETCATALOG_COMPILER_APPICON_NAME = AppIcon;
				ASSETCATALOG_COMPILER_GLOBAL_ACCENT_COLOR_NAME = AccentColor;
				CODE_SIGN_ENTITLEMENTS = Shade/Shade.entitlements;
				CODE_SIGN_STYLE = Automatic;
				COMBINE_HIDPI_IMAGES = YES;
				CURRENT_PROJECT_VERSION = 1;
				DEVELOPMENT_ASSET_PATHS = "\"Shade/Preview Content\"";
				ENABLE_PREVIEWS = YES;
				GENERATE_INFOPLIST_FILE = YES;
				INFOPLIST_KEY_NSHumanReadableCopyright = "";
				LD_RUNPATH_SEARCH_PATHS = (
					"$(inherited)",
					"@executable_path/../Frameworks",
				);
				MARKETING_VERSION = 1.0;
				PRODUCT_BUNDLE_IDENTIFIER = shadeApp.Shade;
				PRODUCT_NAME = "$(TARGET_NAME)";
				SWIFT_EMIT_LOC_STRINGS = YES;
				SWIFT_VERSION = 5.0;
			};
			name = Release;
		};
		0493E6FB2C72981900BA9F56 /* Debug */ = {
			isa = XCBuildConfiguration;
			buildSettings = {
				ALWAYS_EMBED_SWIFT_STANDARD_LIBRARIES = YES;
				BUNDLE_LOADER = "$(TEST_HOST)";
				CODE_SIGN_STYLE = Automatic;
				CURRENT_PROJECT_VERSION = 1;
				GENERATE_INFOPLIST_FILE = YES;
				MACOSX_DEPLOYMENT_TARGET = 14.5;
				MARKETING_VERSION = 1.0;
				PRODUCT_BUNDLE_IDENTIFIER = shadeApp.ShadeTests;
				PRODUCT_NAME = "$(TARGET_NAME)";
				SWIFT_EMIT_LOC_STRINGS = NO;
				SWIFT_VERSION = 5.0;
				TEST_HOST = "$(BUILT_PRODUCTS_DIR)/Shade.app/$(BUNDLE_EXECUTABLE_FOLDER_PATH)/Shade";
			};
			name = Debug;
		};
		0493E6FC2C72981900BA9F56 /* Release */ = {
			isa = XCBuildConfiguration;
			buildSettings = {
				ALWAYS_EMBED_SWIFT_STANDARD_LIBRARIES = YES;
				BUNDLE_LOADER = "$(TEST_HOST)";
				CODE_SIGN_STYLE = Automatic;
				CURRENT_PROJECT_VERSION = 1;
				GENERATE_INFOPLIST_FILE = YES;
				MACOSX_DEPLOYMENT_TARGET = 14.5;
				MARKETING_VERSION = 1.0;
				PRODUCT_BUNDLE_IDENTIFIER = shadeApp.ShadeTests;
				PRODUCT_NAME = "$(TARGET_NAME)";
				SWIFT_EMIT_LOC_STRINGS = NO;
				SWIFT_VERSION = 5.0;
				TEST_HOST = "$(BUILT_PRODUCTS_DIR)/Shade.app/$(BUNDLE_EXECUTABLE_FOLDER_PATH)/Shade";
			};
			name = Release;
		};
		0493E6FE2C72981900BA9F56 /* Debug */ = {
			isa = XCBuildConfiguration;
			buildSettings = {
				ALWAYS_EMBED_SWIFT_STANDARD_LIBRARIES = YES;
				CODE_SIGN_STYLE = Automatic;
				CURRENT_PROJECT_VERSION = 1;
				GENERATE_INFOPLIST_FILE = YES;
				MARKETING_VERSION = 1.0;
				PRODUCT_BUNDLE_IDENTIFIER = shadeApp.ShadeUITests;
				PRODUCT_NAME = "$(TARGET_NAME)";
				SWIFT_EMIT_LOC_STRINGS = NO;
				SWIFT_VERSION = 5.0;
				TEST_TARGET_NAME = Shade;
			};
			name = Debug;
		};
		0493E6FF2C72981900BA9F56 /* Release */ = {
			isa = XCBuildConfiguration;
			buildSettings = {
				ALWAYS_EMBED_SWIFT_STANDARD_LIBRARIES = YES;
				CODE_SIGN_STYLE = Automatic;
				CURRENT_PROJECT_VERSION = 1;
				GENERATE_INFOPLIST_FILE = YES;
				MARKETING_VERSION = 1.0;
				PRODUCT_BUNDLE_IDENTIFIER = shadeApp.ShadeUITests;
				PRODUCT_NAME = "$(TARGET_NAME)";
				SWIFT_EMIT_LOC_STRINGS = NO;
				SWIFT_VERSION = 5.0;
				TEST_TARGET_NAME = Shade;
			};
			name = Release;
		};
/* End XCBuildConfiguration section */

/* Begin XCConfigurationList section */
		0493E6CD2C72981800BA9F56 /* Build configuration list for PBXProject "Shade" */ = {
			isa = XCConfigurationList;
			buildConfigurations = (
				0493E6F52C72981900BA9F56 /* Debug */,
				0493E6F62C72981900BA9F56 /* Release */,
			);
			defaultConfigurationIsVisible = 0;
			defaultConfigurationName = Release;
		};
		0493E6F72C72981900BA9F56 /* Build configuration list for PBXNativeTarget "Shade" */ = {
			isa = XCConfigurationList;
			buildConfigurations = (
				0493E6F82C72981900BA9F56 /* Debug */,
				0493E6F92C72981900BA9F56 /* Release */,
			);
			defaultConfigurationIsVisible = 0;
			defaultConfigurationName = Release;
		};
		0493E6FA2C72981900BA9F56 /* Build configuration list for PBXNativeTarget "ShadeTests" */ = {
			isa = XCConfigurationList;
			buildConfigurations = (
				0493E6FB2C72981900BA9F56 /* Debug */,
				0493E6FC2C72981900BA9F56 /* Release */,
			);
			defaultConfigurationIsVisible = 0;
			defaultConfigurationName = Release;
		};
		0493E6FD2C72981900BA9F56 /* Build configuration list for PBXNativeTarget "ShadeUITests" */ = {
			isa = XCConfigurationList;
			buildConfigurations = (
				0493E6FE2C72981900BA9F56 /* Debug */,
				0493E6FF2C72981900BA9F56 /* Release */,
			);
			defaultConfigurationIsVisible = 0;
			defaultConfigurationName = Release;
		};
/* End XCConfigurationList section */
	};
	rootObject = 0493E6CA2C72981800BA9F56 /* Project object */;
}
